
Microsoft Visual Studio Solution File, Format Version 12.00
# Visual Studio 15
VisualStudioVersion = 15.0.28307.102
MinimumVisualStudioVersion = 10.0.40219.1
Project("{FAE04EC0-301F-11D3-BF4B-00C04F79EFBC}") = "Medical.Examination", "Medical.Examination\Medical.Examination.csproj", "{F8A700CA-38F1-4C1B-838B-8EF0984051B9}"
EndProject
Global
	GlobalSection(SolutionConfigurationPlatforms) = preSolution
		Debug|Any CPU = Debug|Any CPU
		Release|Any CPU = Release|Any CPU
	EndGlobalSection
	GlobalSection(ProjectConfigurationPlatforms) = postSolution
		{F8A700CA-38F1-4C1B-838B-8EF0984051B9}.Debug|Any CPU.ActiveCfg = Debug|Any CPU
		{F8A700CA-38F1-4C1B-838B-8EF0984051B9}.Debug|Any CPU.Build.0 = Debug|Any CPU
		{F8A700CA-38F1-4C1B-838B-8EF0984051B9}.Release|Any CPU.ActiveCfg = Release|Any CPU
		{F8A700CA-38F1-4C1B-838B-8EF0984051B9}.Release|Any CPU.Build.0 = Release|Any CPU
	EndGlobalSection
	GlobalSection(SolutionProperties) = preSolution
		HideSolutionNode = FALSE
	EndGlobalSection
	GlobalSection(ExtensibilityGlobals) = postSolution
		SolutionGuid = {5ADEFFBF-8904-4247-849D-081E6D4FBBA0}
	EndGlobalSection
EndGlobal
